{
    "name": "laravel-docs",
    "version": "1.12.0",
    "lockfileVersion": 3,
    "requires": true,
    "packages": {
        "": {
            "name": "laravel-docs",
            "version": "1.12.0",
            "devDependencies": {
                "@types/mocha": "^2.2.48",
                "@types/node": "^7.10.14",
                "@types/vscode": "^1.56.0",
                "typescript": "^4.2.4"
            },
            "engines": {
                "vscode": "^1.56.0"
            }
        },
        "node_modules/@types/mocha": {
            "version": "2.2.48",
            "resolved": "https://registry.npmjs.org/@types/mocha/-/mocha-2.2.48.tgz",
            "integrity": "sha512-nlK/iyETgafGli8Zh9zJVCTicvU3iajSkRwOh3Hhiva598CMqNJ4NcVCGMTGKpGpTYj/9R8RLzS9NAykSSCqGw==",
            "dev": true,
            "license": "MIT"
        },
        "node_modules/@types/node": {
            "version": "7.10.14",
            "resolved": "https://registry.npmjs.org/@types/node/-/node-7.10.14.tgz",
            "integrity": "sha512-29GS75BE8asnTno3yB6ubOJOO0FboExEqNJy4bpz0GSmW/8wPTNL4h9h63c6s1uTrOopCmJYe/4yJLh5r92ZUA==",
            "dev": true,
            "license": "MIT"
        },
        "node_modules/@types/vscode": {
            "version": "1.104.0",
            "resolved": "https://registry.npmjs.org/@types/vscode/-/vscode-1.104.0.tgz",
            "integrity": "sha512-0KwoU2rZ2ecsTGFxo4K1+f+AErRsYW0fsp6A0zufzGuhyczc2IoKqYqcwXidKXmy2u8YB2GsYsOtiI9Izx3Tig==",
            "dev": true,
            "license": "MIT"
        },
        "node_modules/typescript": {
            "version": "4.9.5",
            "resolved": "https://registry.npmjs.org/typescript/-/typescript-4.9.5.tgz",
            "integrity": "sha512-1FXk9E2Hm+QzZQ7z+McJiHL4NW1F2EzMu9Nq9i3zAaGqibafqYwCVU6WyWAuyQRRzOlxou8xZSyXLEN8oKj24g==",
            "dev": true,
            "license": "Apache-2.0",
            "bin": {
                "tsc": "bin/tsc",
                "tsserver": "bin/tsserver"
            },
            "engines": {
                "node": ">=4.2.0"
            }
        }
    }
}
